// !$*UTF8*$!
{
	archiveVersion = 1;
	classes = {
	};
	objectVersion = 46;
	objects = {

/* Begin PBXBuildFile section */
		C10F60971A23CDAC00414CC9 /* AppDelegate.swift in Sources */ = {isa = PBXBuildFile; fileRef = C10F60961A23CDAC00414CC9 /* AppDelegate.swift */; };
		C10F60991A23CDAC00414CC9 /* ViewController.swift in Sources */ = {isa = PBXBuildFile; fileRef = C10F60981A23CDAC00414CC9 /* ViewController.swift */; };
		C10F609C1A23CDAC00414CC9 /* Main.storyboard in Resources */ = {isa = PBXBuildFile; fileRef = C10F609A1A23CDAC00414CC9 /* Main.storyboard */; };
		C10F609E1A23CDAC00414CC9 /* Images.xcassets in Resources */ = {isa = PBXBuildFile; fileRef = C10F609D1A23CDAC00414CC9 /* Images.xcassets */; };
		C10F60A11A23CDAC00414CC9 /* LaunchScreen.xib in Resources */ = {isa = PBXBuildFile; fileRef = C10F609F1A23CDAC00414CC9 /* LaunchScreen.xib */; };
		C10F60AD1A23CDAC00414CC9 /* Plate_CalculatorTests.swift in Sources */ = {isa = PBXBuildFile; fileRef = C10F60AC1A23CDAC00414CC9 /* Plate_CalculatorTests.swift */; };
		C1A9E2031A24172D003671A2 /* SceneKit.framework in Frameworks */ = {isa = PBXBuildFile; fileRef = C1A9E2021A24172D003671A2 /* SceneKit.framework */; };
/* End PBXBuildFile section */

/* Begin PBXContainerItemProxy section */
		C10F60A71A23CDAC00414CC9 /* PBXContainerItemProxy */ = {
			isa = PBXContainerItemProxy;
			containerPortal = C10F60891A23CDAC00414CC9 /* Project object */;
			proxyType = 1;
			remoteGlobalIDString = C10F60901A23CDAC00414CC9;
			remoteInfo = "Plate Calculator";
		};
/* End PBXContainerItemProxy section */

/* Begin PBXFileReference section */
		C10F60911A23CDAC00414CC9 /* Plate Calculator.app */ = {isa = PBXFileReference; explicitFileType = wrapper.application; includeInIndex = 0; path = "Plate Calculator.app"; sourceTree = BUILT_PRODUCTS_DIR; };
		C10F60951A23CDAC00414CC9 /* Info.plist */ = {isa = PBXFileReference; lastKnownFileType = text.plist.xml; path = Info.plist; sourceTree = "<group>"; };
		C10F60961A23CDAC00414CC9 /* AppDelegate.swift */ = {isa = PBXFileReference; lastKnownFileType = sourcecode.swift; path = AppDelegate.swift; sourceTree = "<group>"; };
		C10F60981A23CDAC00414CC9 /* ViewController.swift */ = {isa = PBXFileReference; lastKnownFileType = sourcecode.swift; path = ViewController.swift; sourceTree = "<group>"; };
		C10F609B1A23CDAC00414CC9 /* Base */ = {isa = PBXFileReference; lastKnownFileType = file.storyboard; name = Base; path = Base.lproj/Main.storyboard; sourceTree = "<group>"; };
		C10F609D1A23CDAC00414CC9 /* Images.xcassets */ = {isa = PBXFileReference; lastKnownFileType = folder.assetcatalog; path = Images.xcassets; sourceTree = "<group>"; };
		C10F60A01A23CDAC00414CC9 /* Base */ = {isa = PBXFileReference; lastKnownFileType = file.xib; name = Base; path = Base.lproj/LaunchScreen.xib; sourceTree = "<group>"; };
		C10F60A61A23CDAC00414CC9 /* Plate CalculatorTests.xctest */ = {isa = PBXFileReference; explicitFileType = wrapper.cfbundle; includeInIndex = 0; path = "Plate CalculatorTests.xctest"; sourceTree = BUILT_PRODUCTS_DIR; };
		C10F60AB1A23CDAC00414CC9 /* Info.plist */ = {isa = PBXFileReference; lastKnownFileType = text.plist.xml; path = Info.plist; sourceTree = "<group>"; };
		C10F60AC1A23CDAC00414CC9 /* Plate_CalculatorTests.swift */ = {isa = PBXFileReference; lastKnownFileType = sourcecode.swift; path = Plate_CalculatorTests.swift; sourceTree = "<group>"; };
		C1A9E2021A24172D003671A2 /* SceneKit.framework */ = {isa = PBXFileReference; lastKnownFileType = wrapper.framework; name = SceneKit.framework; path = System/Library/Frameworks/SceneKit.framework; sourceTree = SDKROOT; };
/* End PBXFileReference section */

/* Begin PBXFrameworksBuildPhase section */
		C10F608E1A23CDAC00414CC9 /* Frameworks */ = {
			isa = PBXFrameworksBuildPhase;
			buildActionMask = 2147483647;
			files = (
				C1A9E2031A24172D003671A2 /* SceneKit.framework in Frameworks */,
			);
			runOnlyForDeploymentPostprocessing = 0;
		};
		C10F60A31A23CDAC00414CC9 /* Frameworks */ = {
			isa = PBXFrameworksBuildPhase;
			buildActionMask = 2147483647;
			files = (
			);
			runOnlyForDeploymentPostprocessing = 0;
		};
/* End PBXFrameworksBuildPhase section */

/* Begin PBXGroup section */
		C10F60881A23CDAC00414CC9 = {
			isa = PBXGroup;
			children = (
				C1A9E2021A24172D003671A2 /* SceneKit.framework */,
				C10F60931A23CDAC00414CC9 /* Plate Calculator */,
				C10F60A91A23CDAC00414CC9 /* Plate CalculatorTests */,
				C10F60921A23CDAC00414CC9 /* Products */,
			);
			sourceTree = "<group>";
		};
		C10F60921A23CDAC00414CC9 /* Products */ = {
			isa = PBXGroup;
			children = (
				C10F60911A23CDAC00414CC9 /* Plate Calculator.app */,
				C10F60A61A23CDAC00414CC9 /* Plate CalculatorTests.xctest */,
			);
			name = Products;
			sourceTree = "<group>";
		};
		C10F60931A23CDAC00414CC9 /* Plate Calculator */ = {
			isa = PBXGroup;
			children = (
				C10F60961A23CDAC00414CC9 /* AppDelegate.swift */,
				C10F60981A23CDAC00414CC9 /* ViewController.swift */,
				C10F609A1A23CDAC00414CC9 /* Main.storyboard */,
				C10F609D1A23CDAC00414CC9 /* Images.xcassets */,
				C10F609F1A23CDAC00414CC9 /* LaunchScreen.xib */,
				C10F60941A23CDAC00414CC9 /* Supporting Files */,
			);
			path = "Plate Calculator";
			sourceTree = "<group>";
		};
		C10F60941A23CDAC00414CC9 /* Supporting Files */ = {
			isa = PBXGroup;
			children = (
				C10F60951A23CDAC00414CC9 /* Info.plist */,
			);
			name = "Supporting Files";
			sourceTree = "<group>";
		};
		C10F60A91A23CDAC00414CC9 /* Plate CalculatorTests */ = {
			isa = PBXGroup;
			children = (
				C10F60AC1A23CDAC00414CC9 /* Plate_CalculatorTests.swift */,
				C10F60AA1A23CDAC00414CC9 /* Supporting Files */,
			);
			path = "Plate CalculatorTests";
			sourceTree = "<group>";
		};
		C10F60AA1A23CDAC00414CC9 /* Supporting Files */ = {
			isa = PBXGroup;
			children = (
				C10F60AB1A23CDAC00414CC9 /* Info.plist */,
			);
			name = "Supporting Files";
			sourceTree = "<group>";
		};
/* End PBXGroup section */

/* Begin PBXNativeTarget section */
		C10F60901A23CDAC00414CC9 /* Plate Calculator */ = {
			isa = PBXNativeTarget;
			buildConfigurationList = C10F60B01A23CDAC00414CC9 /* Build configuration list for PBXNativeTarget "Plate Calculator" */;
			buildPhases = (
				C10F608D1A23CDAC00414CC9 /* Sources */,
				C10F608E1A23CDAC00414CC9 /* Frameworks */,
				C10F608F1A23CDAC00414CC9 /* Resources */,
			);
			buildRules = (
			);
			dependencies = (
			);
			name = "Plate Calculator";
			productName = "Plate Calculator";
			productReference = C10F60911A23CDAC00414CC9 /* Plate Calculator.app */;
			productType = "com.apple.product-type.application";
		};
		C10F60A51A23CDAC00414CC9 /* Plate CalculatorTests */ = {
			isa = PBXNativeTarget;
			buildConfigurationList = C10F60B31A23CDAC00414CC9 /* Build configuration list for PBXNativeTarget "Plate CalculatorTests" */;
			buildPhases = (
				C10F60A21A23CDAC00414CC9 /* Sources */,
				C10F60A31A23CDAC00414CC9 /* Frameworks */,
				C10F60A41A23CDAC00414CC9 /* Resources */,
			);
			buildRules = (
			);
			dependencies = (
				C10F60A81A23CDAC00414CC9 /* PBXTargetDependency */,
			);
			name = "Plate CalculatorTests";
			productName = "Plate CalculatorTests";
			productReference = C10F60A61A23CDAC00414CC9 /* Plate CalculatorTests.xctest */;
			productType = "com.apple.product-type.bundle.unit-test";
		};
/* End PBXNativeTarget section */

/* Begin PBXProject section */
		C10F60891A23CDAC00414CC9 /* Project object */ = {
			isa = PBXProject;
			attributes = {
				LastUpgradeCheck = 0610;
				ORGANIZATIONNAME = "Calvin Tennant";
				TargetAttributes = {
					C10F60901A23CDAC00414CC9 = {
						CreatedOnToolsVersion = 6.1;
						DevelopmentTeam = 87DHAN953P;
					};
					C10F60A51A23CDAC00414CC9 = {
						CreatedOnToolsVersion = 6.1;
						DevelopmentTeam = 87DHAN953P;
						TestTargetID = C10F60901A23CDAC00414CC9;
					};
				};
			};
			buildConfigurationList = C10F608C1A23CDAC00414CC9 /* Build configuration list for PBXProject "Plate Calculator" */;
			compatibilityVersion = "Xcode 3.2";
			developmentRegion = English;
			hasScannedForEncodings = 0;
			knownRegions = (
				en,
				Base,
			);
			mainGroup = C10F60881A23CDAC00414CC9;
			productRefGroup = C10F60921A23CDAC00414CC9 /* Products */;
			projectDirPath = "";
			projectRoot = "";
			targets = (
				C10F60901A23CDAC00414CC9 /* Plate Calculator */,
				C10F60A51A23CDAC00414CC9 /* Plate CalculatorTests */,
			);
		};
/* End PBXProject section */

/* Begin PBXResourcesBuildPhase section */
		C10F608F1A23CDAC00414CC9 /* Resources */ = {
			isa = PBXResourcesBuildPhase;
			buildActionMask = 2147483647;
			files = (
				C10F609C1A23CDAC00414CC9 /* Main.storyboard in Resources */,
				C10F60A11A23CDAC00414CC9 /* LaunchScreen.xib in Resources */,
				C10F609E1A23CDAC00414CC9 /* Images.xcassets in Resources */,
			);
			runOnlyForDeploymentPostprocessing = 0;
		};
		C10F60A41A23CDAC00414CC9 /* Resources */ = {
			isa = PBXResourcesBuildPhase;
			buildActionMask = 2147483647;
			files = (
			);
			runOnlyForDeploymentPostprocessing = 0;
		};
/* End PBXResourcesBuildPhase section */

/* Begin PBXSourcesBuildPhase section */
		C10F608D1A23CDAC00414CC9 /* Sources */ = {
			isa = PBXSourcesBuildPhase;
			buildActionMask = 2147483647;
			files = (
				C10F60991A23CDAC00414CC9 /* ViewController.swift in Sources */,
				C10F60971A23CDAC00414CC9 /* AppDelegate.swift in Sources */,
			);
			runOnlyForDeploymentPostprocessing = 0;
		};
		C10F60A21A23CDAC00414CC9 /* Sources */ = {
			isa = PBXSourcesBuildPhase;
			buildActionMask = 2147483647;
			files = (
				C10F60AD1A23CDAC00414CC9 /* Plate_CalculatorTests.swift in Sources */,
			);
			runOnlyForDeploymentPostprocessing = 0;
		};
/* End PBXSourcesBuildPhase section */

/* Begin PBXTargetDependency section */
		C10F60A81A23CDAC00414CC9 /* PBXTargetDependency */ = {
			isa = PBXTargetDependency;
			target = C10F60901A23CDAC00414CC9 /* Plate Calculator */;
			targetProxy = C10F60A71A23CDAC00414CC9 /* PBXContainerItemProxy */;
		};
/* End PBXTargetDependency section */

/* Begin PBXVariantGroup section */
		C10F609A1A23CDAC00414CC9 /* Main.storyboard */ = {
			isa = PBXVariantGroup;
			children = (
				C10F609B1A23CDAC00414CC9 /* Base */,
			);
			name = Main.storyboard;
			sourceTree = "<group>";
		};
		C10F609F1A23CDAC00414CC9 /* LaunchScreen.xib */ = {
			isa = PBXVariantGroup;
			children = (
				C10F60A01A23CDAC00414CC9 /* Base */,
			);
			name = LaunchScreen.xib;
			sourceTree = "<group>";
		};
/* End PBXVariantGroup section */

/* Begin XCBuildConfiguration section */
		C10F60AE1A23CDAC00414CC9 /* Debug */ = {
			isa = XCBuildConfiguration;
			buildSettings = {
				ALWAYS_SEARCH_USER_PATHS = NO;
				CLANG_CXX_LANGUAGE_STANDARD = "gnu++0x";
				CLANG_CXX_LIBRARY = "libc++";
				CLANG_ENABLE_MODULES = YES;
				CLANG_ENABLE_OBJC_ARC = YES;
				CLANG_WARN_BOOL_CONVERSION = YES;
				CLANG_WARN_CONSTANT_CONVERSION = YES;
				CLANG_WARN_DIRECT_OBJC_ISA_USAGE = YES_ERROR;
				CLANG_WARN_EMPTY_BODY = YES;
				CLANG_WARN_ENUM_CONVERSION = YES;
				CLANG_WARN_INT_CONVERSION = YES;
				CLANG_WARN_OBJC_ROOT_CLASS = YES_ERROR;
				CLANG_WARN_UNREACHABLE_CODE = YES;
				CLANG_WARN__DUPLICATE_METHOD_MATCH = YES;
				"CODE_SIGN_IDENTITY[sdk=iphoneos*]" = "iPhone Developer";
				COPY_PHASE_STRIP = NO;
				ENABLE_STRICT_OBJC_MSGSEND = YES;
				GCC_C_LANGUAGE_STANDARD = gnu99;
				GCC_DYNAMIC_NO_PIC = NO;
				GCC_OPTIMIZATION_LEVEL = 0;
				GCC_PREPROCESSOR_DEFINITIONS = (
					"DEBUG=1",
					"$(inherited)",
				);
				GCC_SYMBOLS_PRIVATE_EXTERN = NO;
				GCC_WARN_64_TO_32_BIT_CONVERSION = YES;
				GCC_WARN_ABOUT_RETURN_TYPE = YES_ERROR;
				GCC_WARN_UNDECLARED_SELECTOR = YES;
				GCC_WARN_UNINITIALIZED_AUTOS = YES_AGGRESSIVE;
				GCC_WARN_UNUSED_FUNCTION = YES;
				GCC_WARN_UNUSED_VARIABLE = YES;
				IPHONEOS_DEPLOYMENT_TARGET = 8.1;
				MTL_ENABLE_DEBUG_INFO = YES;
				ONLY_ACTIVE_ARCH = YES;
				SDKROOT = iphoneos;
				SWIFT_OPTIMIZATION_LEVEL = "-Onone";
				TARGETED_DEVICE_FAMILY = "1,2";
			};
			name = Debug;
		};
		C10F60AF1A23CDAC00414CC9 /* Release */ = {
			isa = XCBuildConfiguration;
			buildSettings = {
				ALWAYS_SEARCH_USER_PATHS = NO;
				CLANG_CXX_LANGUAGE_STANDARD = "gnu++0x";
				CLANG_CXX_LIBRARY = "libc++";
				CLANG_ENABLE_MODULES = YES;
				CLANG_ENABLE_OBJC_ARC = YES;
				CLANG_WARN_BOOL_CONVERSION = YES;
				CLANG_WARN_CONSTANT_CONVERSION = YES;
				CLANG_WARN_DIRECT_OBJC_ISA_USAGE = YES_ERROR;
				CLANG_WARN_EMPTY_BODY = YES;
				CLANG_WARN_ENUM_CONVERSION = YES;
				CLANG_WARN_INT_CONVERSION = YES;
				CLANG_WARN_OBJC_ROOT_CLASS = YES_ERROR;
				CLANG_WARN_UNREACHABLE_CODE = YES;
				CLANG_WARN__DUPLICATE_METHOD_MATCH = YES;
				"CODE_SIGN_IDENTITY[sdk=iphoneos*]" = "iPhone Developer";
				COPY_PHASE_STRIP = YES;
				ENABLE_NS_ASSERTIONS = NO;
				ENABLE_STRICT_OBJC_MSGSEND = YES;
				GCC_C_LANGUAGE_STANDARD = gnu99;
				GCC_WARN_64_TO_32_BIT_CONVERSION = YES;
				GCC_WARN_ABOUT_RETURN_TYPE = YES_ERROR;
				GCC_WARN_UNDECLARED_SELECTOR = YES;
				GCC_WARN_UNINITIALIZED_AUTOS = YES_AGGRESSIVE;
				GCC_WARN_UNUSED_FUNCTION = YES;
				GCC_WARN_UNUSED_VARIABLE = YES;
				IPHONEOS_DEPLOYMENT_TARGET = 8.1;
				MTL_ENABLE_DEBUG_INFO = NO;
				SDKROOT = iphoneos;
				TARGETED_DEVICE_FAMILY = "1,2";
				VALIDATE_PRODUCT = YES;
			};
			name = Release;
		};
		C10F60B11A23CDAC00414CC9 /* Debug */ = {
			isa = XCBuildConfiguration;
			buildSettings = {
				ASSETCATALOG_COMPILER_APPICON_NAME = AppIcon;
				INFOPLIST_FILE = "Plate Calculator/Info.plist";
				LD_RUNPATH_SEARCH_PATHS = "$(inherited) @executable_path/Frameworks";
				PRODUCT_NAME = "$(TARGET_NAME)";
			};
			name = Debug;
		};
		C10F60B21A23CDAC00414CC9 /* Release */ = {
			isa = XCBuildConfiguration;
			buildSettings = {
				ASSETCATALOG_COMPILER_APPICON_NAME = AppIcon;
				INFOPLIST_FILE = "Plate Calculator/Info.plist";
				LD_RUNPATH_SEARCH_PATHS = "$(inherited) @executable_path/Frameworks";
				PRODUCT_NAME = "$(TARGET_NAME)";
			};
			name = Release;
		};
		C10F60B41A23CDAC00414CC9 /* Debug */ = {
			isa = XCBuildConfiguration;
			buildSettings = {
				BUNDLE_LOADER = "$(TEST_HOST)";
				CODE_SIGN_IDENTITY = "iPhone Developer";
				"CODE_SIGN_IDENTITY[sdk=iphoneos*]" = "iPhone Developer";
				FRAMEWORK_SEARCH_PATHS = (
					"$(SDKROOT)/Developer/Library/Frameworks",
					"$(inherited)",
				);
				GCC_PREPROCESSOR_DEFINITIONS = (
					"DEBUG=1",
					"$(inherited)",
				);
				INFOPLIST_FILE = "Plate CalculatorTests/Info.plist";
				LD_RUNPATH_SEARCH_PATHS = "$(inherited) @executable_path/Frameworks @loader_path/Frameworks";
				PRODUCT_NAME = "$(TARGET_NAME)";
				PROVISIONING_PROFILE = "";
				TEST_HOST = "$(BUILT_PRODUCTS_DIR)/Plate Calculator.app/Plate Calculator";
			};
			name = Debug;
		};
		C10F60B51A23CDAC00414CC9 /* Release */ = {
			isa = XCBuildConfiguration;
			buildSettings = {
				BUNDLE_LOADER = "$(TEST_HOST)";
				CODE_SIGN_IDENTITY = "iPhone Developer";
				"CODE_SIGN_IDENTITY[sdk=iphoneos*]" = "iPhone Developer";
				FRAMEWORK_SEARCH_PATHS = (
					"$(SDKROOT)/Developer/Library/Frameworks",
					"$(inherited)",
				);
				INFOPLIST_FILE = "Plate CalculatorTests/Info.plist";
				LD_RUNPATH_SEARCH_PATHS = "$(inherited) @executable_path/Frameworks @loader_path/Frameworks";
				PRODUCT_NAME = "$(TARGET_NAME)";
				PROVISIONING_PROFILE = "";
				TEST_HOST = "$(BUILT_PRODUCTS_DIR)/Plate Calculator.app/Plate Calculator";
			};
			name = Release;
		};
/* End XCBuildConfiguration section */

/* Begin XCConfigurationList section */
		C10F608C1A23CDAC00414CC9 /* Build configuration list for PBXProject "Plate Calculator" */ = {
			isa = XCConfigurationList;
			buildConfigurations = (
				C10F60AE1A23CDAC00414CC9 /* Debug */,
				C10F60AF1A23CDAC00414CC9 /* Release */,
			);
			defaultConfigurationIsVisible = 0;
			defaultConfigurationName = Release;
		};
		C10F60B01A23CDAC00414CC9 /* Build configuration list for PBXNativeTarget "Plate Calculator" */ = {
			isa = XCConfigurationList;
			buildConfigurations = (
				C10F60B11A23CDAC00414CC9 /* Debug */,
				C10F60B21A23CDAC00414CC9 /* Release */,
			);
			defaultConfigurationIsVisible = 0;
			defaultConfigurationName = Release;
		};
		C10F60B31A23CDAC00414CC9 /* Build configuration list for PBXNativeTarget "Plate CalculatorTests" */ = {
			isa = XCConfigurationList;
			buildConfigurations = (
				C10F60B41A23CDAC00414CC9 /* Debug */,
				C10F60B51A23CDAC00414CC9 /* Release */,
			);
			defaultConfigurationIsVisible = 0;
			defaultConfigurationName = Release;
		};
/* End XCConfigurationList section */
	};
	rootObject = C10F60891A23CDAC00414CC9 /* Project object */;
}
